
Microsoft Visual Studio Solution File, Format Version 12.00
# Visual Studio 15
VisualStudioVersion = 15.0.28010.2026
MinimumVisualStudioVersion = 10.0.40219.1
Project("{8BC9CEB8-8B4A-11D0-8D11-00A0C91BC942}") = "L4PartF", "L4PartF\L4PartF.vcxproj", "{98886DB8-8F58-4BAC-A683-8A8C7D627FE6}"
EndProject
Global
	GlobalSection(SolutionConfigurationPlatforms) = preSolution
		Debug|x64 = Debug|x64
		Debug|x86 = Debug|x86
		Release|x64 = Release|x64
		Release|x86 = Release|x86
	EndGlobalSection
	GlobalSection(ProjectConfigurationPlatforms) = postSolution
		{98886DB8-8F58-4BAC-A683-8A8C7D627FE6}.Debug|x64.ActiveCfg = Debug|x64
		{98886DB8-8F58-4BAC-A683-8A8C7D627FE6}.Debug|x64.Build.0 = Debug|x64
		{98886DB8-8F58-4BAC-A683-8A8C7D627FE6}.Debug|x86.ActiveCfg = Debug|Win32
		{98886DB8-8F58-4BAC-A683-8A8C7D627FE6}.Debug|x86.Build.0 = Debug|Win32
		{98886DB8-8F58-4BAC-A683-8A8C7D627FE6}.Release|x64.ActiveCfg = Release|x64
		{98886DB8-8F58-4BAC-A683-8A8C7D627FE6}.Release|x64.Build.0 = Release|x64
		{98886DB8-8F58-4BAC-A683-8A8C7D627FE6}.Release|x86.ActiveCfg = Release|Win32
		{98886DB8-8F58-4BAC-A683-8A8C7D627FE6}.Release|x86.Build.0 = Release|Win32
	EndGlobalSection
	GlobalSection(SolutionProperties) = preSolution
		HideSolutionNode = FALSE
	EndGlobalSection
	GlobalSection(ExtensibilityGlobals) = postSolution
		SolutionGuid = {C5D2EDDF-DFF3-4512-9CE2-F22429CC6358}
	EndGlobalSection
EndGlobal
