
Microsoft Visual Studio Solution File, Format Version 12.00
# Visual Studio 15
VisualStudioVersion = 15.0.28010.2026
MinimumVisualStudioVersion = 10.0.40219.1
Project("{8BC9CEB8-8B4A-11D0-8D11-00A0C91BC942}") = "Project2", "Project2\Project2.vcxproj", "{9173BC9E-E7D7-46CD-B89C-7431F3DE664D}"
EndProject
Global
	GlobalSection(SolutionConfigurationPlatforms) = preSolution
		Debug|x64 = Debug|x64
		Debug|x86 = Debug|x86
		Release|x64 = Release|x64
		Release|x86 = Release|x86
	EndGlobalSection
	GlobalSection(ProjectConfigurationPlatforms) = postSolution
		{9173BC9E-E7D7-46CD-B89C-7431F3DE664D}.Debug|x64.ActiveCfg = Debug|x64
		{9173BC9E-E7D7-46CD-B89C-7431F3DE664D}.Debug|x64.Build.0 = Debug|x64
		{9173BC9E-E7D7-46CD-B89C-7431F3DE664D}.Debug|x86.ActiveCfg = Debug|Win32
		{9173BC9E-E7D7-46CD-B89C-7431F3DE664D}.Debug|x86.Build.0 = Debug|Win32
		{9173BC9E-E7D7-46CD-B89C-7431F3DE664D}.Release|x64.ActiveCfg = Release|x64
		{9173BC9E-E7D7-46CD-B89C-7431F3DE664D}.Release|x64.Build.0 = Release|x64
		{9173BC9E-E7D7-46CD-B89C-7431F3DE664D}.Release|x86.ActiveCfg = Release|Win32
		{9173BC9E-E7D7-46CD-B89C-7431F3DE664D}.Release|x86.Build.0 = Release|Win32
	EndGlobalSection
	GlobalSection(SolutionProperties) = preSolution
		HideSolutionNode = FALSE
	EndGlobalSection
	GlobalSection(ExtensibilityGlobals) = postSolution
		SolutionGuid = {B2582C17-85CF-4822-856C-30C98BD9AF28}
	EndGlobalSection
EndGlobal
