
Microsoft Visual Studio Solution File, Format Version 12.00
# Visual Studio 15
VisualStudioVersion = 15.0.28010.2026
MinimumVisualStudioVersion = 10.0.40219.1
Project("{8BC9CEB8-8B4A-11D0-8D11-00A0C91BC942}") = "L3PartE", "L3PartE\L3PartE.vcxproj", "{C94B8814-93FA-4694-9BDD-B620A7115750}"
EndProject
Global
	GlobalSection(SolutionConfigurationPlatforms) = preSolution
		Debug|x64 = Debug|x64
		Debug|x86 = Debug|x86
		Release|x64 = Release|x64
		Release|x86 = Release|x86
	EndGlobalSection
	GlobalSection(ProjectConfigurationPlatforms) = postSolution
		{C94B8814-93FA-4694-9BDD-B620A7115750}.Debug|x64.ActiveCfg = Debug|x64
		{C94B8814-93FA-4694-9BDD-B620A7115750}.Debug|x64.Build.0 = Debug|x64
		{C94B8814-93FA-4694-9BDD-B620A7115750}.Debug|x86.ActiveCfg = Debug|Win32
		{C94B8814-93FA-4694-9BDD-B620A7115750}.Debug|x86.Build.0 = Debug|Win32
		{C94B8814-93FA-4694-9BDD-B620A7115750}.Release|x64.ActiveCfg = Release|x64
		{C94B8814-93FA-4694-9BDD-B620A7115750}.Release|x64.Build.0 = Release|x64
		{C94B8814-93FA-4694-9BDD-B620A7115750}.Release|x86.ActiveCfg = Release|Win32
		{C94B8814-93FA-4694-9BDD-B620A7115750}.Release|x86.Build.0 = Release|Win32
	EndGlobalSection
	GlobalSection(SolutionProperties) = preSolution
		HideSolutionNode = FALSE
	EndGlobalSection
	GlobalSection(ExtensibilityGlobals) = postSolution
		SolutionGuid = {807A65A6-F4B9-42F0-8200-D491F40BFA4C}
	EndGlobalSection
EndGlobal
